
Microsoft Visual Studio Solution File, Format Version 12.00
# Visual Studio Version 17
VisualStudioVersion = 17.12.35527.113
MinimumVisualStudioVersion = 10.0.40219.1
Project("{FAE04EC0-301F-11D3-BF4B-00C04F79EFBC}") = "VerySimpleFileManager", "VerySimpleFileManager\VerySimpleFileManager.csproj", "{B0543C60-D238-457D-A857-2ACEED4031DE}"
EndProject
Project("{FAE04EC0-301F-11D3-BF4B-00C04F79EFBC}") = "VerySimpleFileManagerDriveDetector", "VerySimpleFileManagerDriveDetector\VerySimpleFileManagerDriveDetector.csproj", "{69AD7BC2-255B-439F-BAC6-646619FE118A}"
EndProject
Global
	GlobalSection(SolutionConfigurationPlatforms) = preSolution
		Debug|Any CPU = Debug|Any CPU
		Release|Any CPU = Release|Any CPU
	EndGlobalSection
	GlobalSection(ProjectConfigurationPlatforms) = postSolution
		{B0543C60-D238-457D-A857-2ACEED4031DE}.Debug|Any CPU.ActiveCfg = Debug|Any CPU
		{B0543C60-D238-457D-A857-2ACEED4031DE}.Debug|Any CPU.Build.0 = Debug|Any CPU
		{B0543C60-D238-457D-A857-2ACEED4031DE}.Release|Any CPU.ActiveCfg = Release|Any CPU
		{B0543C60-D238-457D-A857-2ACEED4031DE}.Release|Any CPU.Build.0 = Release|Any CPU
		{69AD7BC2-255B-439F-BAC6-646619FE118A}.Debug|Any CPU.ActiveCfg = Debug|Any CPU
		{69AD7BC2-255B-439F-BAC6-646619FE118A}.Debug|Any CPU.Build.0 = Debug|Any CPU
		{69AD7BC2-255B-439F-BAC6-646619FE118A}.Release|Any CPU.ActiveCfg = Release|Any CPU
		{69AD7BC2-255B-439F-BAC6-646619FE118A}.Release|Any CPU.Build.0 = Release|Any CPU
	EndGlobalSection
	GlobalSection(SolutionProperties) = preSolution
		HideSolutionNode = FALSE
	EndGlobalSection
EndGlobal
